// !$*UTF8*$!
{
	archiveVersion = 1;
	classes = {
	};
	objectVersion = 46;
	objects = {

/* Begin PBXBuildFile section */
		ADAC4AAF1AF33CE5009F26B9 /* AppDelegate.swift in Sources */ = {isa = PBXBuildFile; fileRef = ADAC4AAE1AF33CE5009F26B9 /* AppDelegate.swift */; };
		ADAC4AB11AF33CE5009F26B9 /* ViewController.swift in Sources */ = {isa = PBXBuildFile; fileRef = ADAC4AB01AF33CE5009F26B9 /* ViewController.swift */; };
		ADAC4AB41AF33CE5009F26B9 /* Main.storyboard in Resources */ = {isa = PBXBuildFile; fileRef = ADAC4AB21AF33CE5009F26B9 /* Main.storyboard */; };
		ADAC4AB61AF33CE5009F26B9 /* Images.xcassets in Resources */ = {isa = PBXBuildFile; fileRef = ADAC4AB51AF33CE5009F26B9 /* Images.xcassets */; };
		ADAC4AB91AF33CE5009F26B9 /* LaunchScreen.xib in Resources */ = {isa = PBXBuildFile; fileRef = ADAC4AB71AF33CE5009F26B9 /* LaunchScreen.xib */; };
		ADAC4AC51AF33CE5009F26B9 /* TextViewKeyboardDemoTests.swift in Sources */ = {isa = PBXBuildFile; fileRef = ADAC4AC41AF33CE5009F26B9 /* TextViewKeyboardDemoTests.swift */; };
/* End PBXBuildFile section */

/* Begin PBXContainerItemProxy section */
		ADAC4ABF1AF33CE5009F26B9 /* PBXContainerItemProxy */ = {
			isa = PBXContainerItemProxy;
			containerPortal = ADAC4AA11AF33CE5009F26B9 /* Project object */;
			proxyType = 1;
			remoteGlobalIDString = ADAC4AA81AF33CE5009F26B9;
			remoteInfo = TextViewKeyboardDemo;
		};
/* End PBXContainerItemProxy section */

/* Begin PBXFileReference section */
		ADAC4AA91AF33CE5009F26B9 /* TextViewKeyboardDemo.app */ = {isa = PBXFileReference; explicitFileType = wrapper.application; includeInIndex = 0; path = TextViewKeyboardDemo.app; sourceTree = BUILT_PRODUCTS_DIR; };
		ADAC4AAD1AF33CE5009F26B9 /* Info.plist */ = {isa = PBXFileReference; lastKnownFileType = text.plist.xml; path = Info.plist; sourceTree = "<group>"; };
		ADAC4AAE1AF33CE5009F26B9 /* AppDelegate.swift */ = {isa = PBXFileReference; lastKnownFileType = sourcecode.swift; path = AppDelegate.swift; sourceTree = "<group>"; };
		ADAC4AB01AF33CE5009F26B9 /* ViewController.swift */ = {isa = PBXFileReference; lastKnownFileType = sourcecode.swift; path = ViewController.swift; sourceTree = "<group>"; };
		ADAC4AB31AF33CE5009F26B9 /* Base */ = {isa = PBXFileReference; lastKnownFileType = file.storyboard; name = Base; path = Base.lproj/Main.storyboard; sourceTree = "<group>"; };
		ADAC4AB51AF33CE5009F26B9 /* Images.xcassets */ = {isa = PBXFileReference; lastKnownFileType = folder.assetcatalog; path = Images.xcassets; sourceTree = "<group>"; };
		ADAC4AB81AF33CE5009F26B9 /* Base */ = {isa = PBXFileReference; lastKnownFileType = file.xib; name = Base; path = Base.lproj/LaunchScreen.xib; sourceTree = "<group>"; };
		ADAC4ABE1AF33CE5009F26B9 /* TextViewKeyboardDemoTests.xctest */ = {isa = PBXFileReference; explicitFileType = wrapper.cfbundle; includeInIndex = 0; path = TextViewKeyboardDemoTests.xctest; sourceTree = BUILT_PRODUCTS_DIR; };
		ADAC4AC31AF33CE5009F26B9 /* Info.plist */ = {isa = PBXFileReference; lastKnownFileType = text.plist.xml; path = Info.plist; sourceTree = "<group>"; };
		ADAC4AC41AF33CE5009F26B9 /* TextViewKeyboardDemoTests.swift */ = {isa = PBXFileReference; lastKnownFileType = sourcecode.swift; path = TextViewKeyboardDemoTests.swift; sourceTree = "<group>"; };
/* End PBXFileReference section */

/* Begin PBXFrameworksBuildPhase section */
		ADAC4AA61AF33CE5009F26B9 /* Frameworks */ = {
			isa = PBXFrameworksBuildPhase;
			buildActionMask = 2147483647;
			files = (
			);
			runOnlyForDeploymentPostprocessing = 0;
		};
		ADAC4ABB1AF33CE5009F26B9 /* Frameworks */ = {
			isa = PBXFrameworksBuildPhase;
			buildActionMask = 2147483647;
			files = (
			);
			runOnlyForDeploymentPostprocessing = 0;
		};
/* End PBXFrameworksBuildPhase section */

/* Begin PBXGroup section */
		ADAC4AA01AF33CE5009F26B9 = {
			isa = PBXGroup;
			children = (
				ADAC4AAB1AF33CE5009F26B9 /* TextViewKeyboardDemo */,
				ADAC4AC11AF33CE5009F26B9 /* TextViewKeyboardDemoTests */,
				ADAC4AAA1AF33CE5009F26B9 /* Products */,
			);
			sourceTree = "<group>";
		};
		ADAC4AAA1AF33CE5009F26B9 /* Products */ = {
			isa = PBXGroup;
			children = (
				ADAC4AA91AF33CE5009F26B9 /* TextViewKeyboardDemo.app */,
				ADAC4ABE1AF33CE5009F26B9 /* TextViewKeyboardDemoTests.xctest */,
			);
			name = Products;
			sourceTree = "<group>";
		};
		ADAC4AAB1AF33CE5009F26B9 /* TextViewKeyboardDemo */ = {
			isa = PBXGroup;
			children = (
				ADAC4AAE1AF33CE5009F26B9 /* AppDelegate.swift */,
				ADAC4AB01AF33CE5009F26B9 /* ViewController.swift */,
				ADAC4AB21AF33CE5009F26B9 /* Main.storyboard */,
				ADAC4AB51AF33CE5009F26B9 /* Images.xcassets */,
				ADAC4AB71AF33CE5009F26B9 /* LaunchScreen.xib */,
				ADAC4AAC1AF33CE5009F26B9 /* Supporting Files */,
			);
			path = TextViewKeyboardDemo;
			sourceTree = "<group>";
		};
		ADAC4AAC1AF33CE5009F26B9 /* Supporting Files */ = {
			isa = PBXGroup;
			children = (
				ADAC4AAD1AF33CE5009F26B9 /* Info.plist */,
			);
			name = "Supporting Files";
			sourceTree = "<group>";
		};
		ADAC4AC11AF33CE5009F26B9 /* TextViewKeyboardDemoTests */ = {
			isa = PBXGroup;
			children = (
				ADAC4AC41AF33CE5009F26B9 /* TextViewKeyboardDemoTests.swift */,
				ADAC4AC21AF33CE5009F26B9 /* Supporting Files */,
			);
			path = TextViewKeyboardDemoTests;
			sourceTree = "<group>";
		};
		ADAC4AC21AF33CE5009F26B9 /* Supporting Files */ = {
			isa = PBXGroup;
			children = (
				ADAC4AC31AF33CE5009F26B9 /* Info.plist */,
			);
			name = "Supporting Files";
			sourceTree = "<group>";
		};
/* End PBXGroup section */

/* Begin PBXNativeTarget section */
		ADAC4AA81AF33CE5009F26B9 /* TextViewKeyboardDemo */ = {
			isa = PBXNativeTarget;
			buildConfigurationList = ADAC4AC81AF33CE5009F26B9 /* Build configuration list for PBXNativeTarget "TextViewKeyboardDemo" */;
			buildPhases = (
				ADAC4AA51AF33CE5009F26B9 /* Sources */,
				ADAC4AA61AF33CE5009F26B9 /* Frameworks */,
				ADAC4AA71AF33CE5009F26B9 /* Resources */,
			);
			buildRules = (
			);
			dependencies = (
			);
			name = TextViewKeyboardDemo;
			productName = TextViewKeyboardDemo;
			productReference = ADAC4AA91AF33CE5009F26B9 /* TextViewKeyboardDemo.app */;
			productType = "com.apple.product-type.application";
		};
		ADAC4ABD1AF33CE5009F26B9 /* TextViewKeyboardDemoTests */ = {
			isa = PBXNativeTarget;
			buildConfigurationList = ADAC4ACB1AF33CE5009F26B9 /* Build configuration list for PBXNativeTarget "TextViewKeyboardDemoTests" */;
			buildPhases = (
				ADAC4ABA1AF33CE5009F26B9 /* Sources */,
				ADAC4ABB1AF33CE5009F26B9 /* Frameworks */,
				ADAC4ABC1AF33CE5009F26B9 /* Resources */,
			);
			buildRules = (
			);
			dependencies = (
				ADAC4AC01AF33CE5009F26B9 /* PBXTargetDependency */,
			);
			name = TextViewKeyboardDemoTests;
			productName = TextViewKeyboardDemoTests;
			productReference = ADAC4ABE1AF33CE5009F26B9 /* TextViewKeyboardDemoTests.xctest */;
			productType = "com.apple.product-type.bundle.unit-test";
		};
/* End PBXNativeTarget section */

/* Begin PBXProject section */
		ADAC4AA11AF33CE5009F26B9 /* Project object */ = {
			isa = PBXProject;
			attributes = {
				LastUpgradeCheck = 0630;
				ORGANIZATIONNAME = "Wanqing Wang";
				TargetAttributes = {
					ADAC4AA81AF33CE5009F26B9 = {
						CreatedOnToolsVersion = 6.3.1;
					};
					ADAC4ABD1AF33CE5009F26B9 = {
						CreatedOnToolsVersion = 6.3.1;
						TestTargetID = ADAC4AA81AF33CE5009F26B9;
					};
				};
			};
			buildConfigurationList = ADAC4AA41AF33CE5009F26B9 /* Build configuration list for PBXProject "TextViewKeyboardDemo" */;
			compatibilityVersion = "Xcode 3.2";
			developmentRegion = English;
			hasScannedForEncodings = 0;
			knownRegions = (
				en,
				Base,
			);
			mainGroup = ADAC4AA01AF33CE5009F26B9;
			productRefGroup = ADAC4AAA1AF33CE5009F26B9 /* Products */;
			projectDirPath = "";
			projectRoot = "";
			targets = (
				ADAC4AA81AF33CE5009F26B9 /* TextViewKeyboardDemo */,
				ADAC4ABD1AF33CE5009F26B9 /* TextViewKeyboardDemoTests */,
			);
		};
/* End PBXProject section */

/* Begin PBXResourcesBuildPhase section */
		ADAC4AA71AF33CE5009F26B9 /* Resources */ = {
			isa = PBXResourcesBuildPhase;
			buildActionMask = 2147483647;
			files = (
				ADAC4AB41AF33CE5009F26B9 /* Main.storyboard in Resources */,
				ADAC4AB91AF33CE5009F26B9 /* LaunchScreen.xib in Resources */,
				ADAC4AB61AF33CE5009F26B9 /* Images.xcassets in Resources */,
			);
			runOnlyForDeploymentPostprocessing = 0;
		};
		ADAC4ABC1AF33CE5009F26B9 /* Resources */ = {
			isa = PBXResourcesBuildPhase;
			buildActionMask = 2147483647;
			files = (
			);
			runOnlyForDeploymentPostprocessing = 0;
		};
/* End PBXResourcesBuildPhase section */

/* Begin PBXSourcesBuildPhase section */
		ADAC4AA51AF33CE5009F26B9 /* Sources */ = {
			isa = PBXSourcesBuildPhase;
			buildActionMask = 2147483647;
			files = (
				ADAC4AB11AF33CE5009F26B9 /* ViewController.swift in Sources */,
				ADAC4AAF1AF33CE5009F26B9 /* AppDelegate.swift in Sources */,
			);
			runOnlyForDeploymentPostprocessing = 0;
		};
		ADAC4ABA1AF33CE5009F26B9 /* Sources */ = {
			isa = PBXSourcesBuildPhase;
			buildActionMask = 2147483647;
			files = (
				ADAC4AC51AF33CE5009F26B9 /* TextViewKeyboardDemoTests.swift in Sources */,
			);
			runOnlyForDeploymentPostprocessing = 0;
		};
/* End PBXSourcesBuildPhase section */

/* Begin PBXTargetDependency section */
		ADAC4AC01AF33CE5009F26B9 /* PBXTargetDependency */ = {
			isa = PBXTargetDependency;
			target = ADAC4AA81AF33CE5009F26B9 /* TextViewKeyboardDemo */;
			targetProxy = ADAC4ABF1AF33CE5009F26B9 /* PBXContainerItemProxy */;
		};
/* End PBXTargetDependency section */

/* Begin PBXVariantGroup section */
		ADAC4AB21AF33CE5009F26B9 /* Main.storyboard */ = {
			isa = PBXVariantGroup;
			children = (
				ADAC4AB31AF33CE5009F26B9 /* Base */,
			);
			name = Main.storyboard;
			sourceTree = "<group>";
		};
		ADAC4AB71AF33CE5009F26B9 /* LaunchScreen.xib */ = {
			isa = PBXVariantGroup;
			children = (
				ADAC4AB81AF33CE5009F26B9 /* Base */,
			);
			name = LaunchScreen.xib;
			sourceTree = "<group>";
		};
/* End PBXVariantGroup section */

/* Begin XCBuildConfiguration section */
		ADAC4AC61AF33CE5009F26B9 /* Debug */ = {
			isa = XCBuildConfiguration;
			buildSettings = {
				ALWAYS_SEARCH_USER_PATHS = NO;
				CLANG_CXX_LANGUAGE_STANDARD = "gnu++0x";
				CLANG_CXX_LIBRARY = "libc++";
				CLANG_ENABLE_MODULES = YES;
				CLANG_ENABLE_OBJC_ARC = YES;
				CLANG_WARN_BOOL_CONVERSION = YES;
				CLANG_WARN_CONSTANT_CONVERSION = YES;
				CLANG_WARN_DIRECT_OBJC_ISA_USAGE = YES_ERROR;
				CLANG_WARN_EMPTY_BODY = YES;
				CLANG_WARN_ENUM_CONVERSION = YES;
				CLANG_WARN_INT_CONVERSION = YES;
				CLANG_WARN_OBJC_ROOT_CLASS = YES_ERROR;
				CLANG_WARN_UNREACHABLE_CODE = YES;
				CLANG_WARN__DUPLICATE_METHOD_MATCH = YES;
				"CODE_SIGN_IDENTITY[sdk=iphoneos*]" = "iPhone Developer";
				COPY_PHASE_STRIP = NO;
				DEBUG_INFORMATION_FORMAT = "dwarf-with-dsym";
				ENABLE_STRICT_OBJC_MSGSEND = YES;
				GCC_C_LANGUAGE_STANDARD = gnu99;
				GCC_DYNAMIC_NO_PIC = NO;
				GCC_NO_COMMON_BLOCKS = YES;
				GCC_OPTIMIZATION_LEVEL = 0;
				GCC_PREPROCESSOR_DEFINITIONS = (
					"DEBUG=1",
					"$(inherited)",
				);
				GCC_SYMBOLS_PRIVATE_EXTERN = NO;
				GCC_WARN_64_TO_32_BIT_CONVERSION = YES;
				GCC_WARN_ABOUT_RETURN_TYPE = YES_ERROR;
				GCC_WARN_UNDECLARED_SELECTOR = YES;
				GCC_WARN_UNINITIALIZED_AUTOS = YES_AGGRESSIVE;
				GCC_WARN_UNUSED_FUNCTION = YES;
				GCC_WARN_UNUSED_VARIABLE = YES;
				IPHONEOS_DEPLOYMENT_TARGET = 8.3;
				MTL_ENABLE_DEBUG_INFO = YES;
				ONLY_ACTIVE_ARCH = YES;
				SDKROOT = iphoneos;
				SWIFT_OPTIMIZATION_LEVEL = "-Onone";
			};
			name = Debug;
		};
		ADAC4AC71AF33CE5009F26B9 /* Release */ = {
			isa = XCBuildConfiguration;
			buildSettings = {
				ALWAYS_SEARCH_USER_PATHS = NO;
				CLANG_CXX_LANGUAGE_STANDARD = "gnu++0x";
				CLANG_CXX_LIBRARY = "libc++";
				CLANG_ENABLE_MODULES = YES;
				CLANG_ENABLE_OBJC_ARC = YES;
				CLANG_WARN_BOOL_CONVERSION = YES;
				CLANG_WARN_CONSTANT_CONVERSION = YES;
				CLANG_WARN_DIRECT_OBJC_ISA_USAGE = YES_ERROR;
				CLANG_WARN_EMPTY_BODY = YES;
				CLANG_WARN_ENUM_CONVERSION = YES;
				CLANG_WARN_INT_CONVERSION = YES;
				CLANG_WARN_OBJC_ROOT_CLASS = YES_ERROR;
				CLANG_WARN_UNREACHABLE_CODE = YES;
				CLANG_WARN__DUPLICATE_METHOD_MATCH = YES;
				"CODE_SIGN_IDENTITY[sdk=iphoneos*]" = "iPhone Developer";
				COPY_PHASE_STRIP = NO;
				DEBUG_INFORMATION_FORMAT = "dwarf-with-dsym";
				ENABLE_NS_ASSERTIONS = NO;
				ENABLE_STRICT_OBJC_MSGSEND = YES;
				GCC_C_LANGUAGE_STANDARD = gnu99;
				GCC_NO_COMMON_BLOCKS = YES;
				GCC_WARN_64_TO_32_BIT_CONVERSION = YES;
				GCC_WARN_ABOUT_RETURN_TYPE = YES_ERROR;
				GCC_WARN_UNDECLARED_SELECTOR = YES;
				GCC_WARN_UNINITIALIZED_AUTOS = YES_AGGRESSIVE;
				GCC_WARN_UNUSED_FUNCTION = YES;
				GCC_WARN_UNUSED_VARIABLE = YES;
				IPHONEOS_DEPLOYMENT_TARGET = 8.3;
				MTL_ENABLE_DEBUG_INFO = NO;
				SDKROOT = iphoneos;
				VALIDATE_PRODUCT = YES;
			};
			name = Release;
		};
		ADAC4AC91AF33CE5009F26B9 /* Debug */ = {
			isa = XCBuildConfiguration;
			buildSettings = {
				ASSETCATALOG_COMPILER_APPICON_NAME = AppIcon;
				INFOPLIST_FILE = TextViewKeyboardDemo/Info.plist;
				LD_RUNPATH_SEARCH_PATHS = "$(inherited) @executable_path/Frameworks";
				PRODUCT_NAME = "$(TARGET_NAME)";
			};
			name = Debug;
		};
		ADAC4ACA1AF33CE5009F26B9 /* Release */ = {
			isa = XCBuildConfiguration;
			buildSettings = {
				ASSETCATALOG_COMPILER_APPICON_NAME = AppIcon;
				INFOPLIST_FILE = TextViewKeyboardDemo/Info.plist;
				LD_RUNPATH_SEARCH_PATHS = "$(inherited) @executable_path/Frameworks";
				PRODUCT_NAME = "$(TARGET_NAME)";
			};
			name = Release;
		};
		ADAC4ACC1AF33CE5009F26B9 /* Debug */ = {
			isa = XCBuildConfiguration;
			buildSettings = {
				BUNDLE_LOADER = "$(TEST_HOST)";
				FRAMEWORK_SEARCH_PATHS = (
					"$(SDKROOT)/Developer/Library/Frameworks",
					"$(inherited)",
				);
				GCC_PREPROCESSOR_DEFINITIONS = (
					"DEBUG=1",
					"$(inherited)",
				);
				INFOPLIST_FILE = TextViewKeyboardDemoTests/Info.plist;
				LD_RUNPATH_SEARCH_PATHS = "$(inherited) @executable_path/Frameworks @loader_path/Frameworks";
				PRODUCT_NAME = "$(TARGET_NAME)";
				TEST_HOST = "$(BUILT_PRODUCTS_DIR)/TextViewKeyboardDemo.app/TextViewKeyboardDemo";
			};
			name = Debug;
		};
		ADAC4ACD1AF33CE5009F26B9 /* Release */ = {
			isa = XCBuildConfiguration;
			buildSettings = {
				BUNDLE_LOADER = "$(TEST_HOST)";
				FRAMEWORK_SEARCH_PATHS = (
					"$(SDKROOT)/Developer/Library/Frameworks",
					"$(inherited)",
				);
				INFOPLIST_FILE = TextViewKeyboardDemoTests/Info.plist;
				LD_RUNPATH_SEARCH_PATHS = "$(inherited) @executable_path/Frameworks @loader_path/Frameworks";
				PRODUCT_NAME = "$(TARGET_NAME)";
				TEST_HOST = "$(BUILT_PRODUCTS_DIR)/TextViewKeyboardDemo.app/TextViewKeyboardDemo";
			};
			name = Release;
		};
/* End XCBuildConfiguration section */

/* Begin XCConfigurationList section */
		ADAC4AA41AF33CE5009F26B9 /* Build configuration list for PBXProject "TextViewKeyboardDemo" */ = {
			isa = XCConfigurationList;
			buildConfigurations = (
				ADAC4AC61AF33CE5009F26B9 /* Debug */,
				ADAC4AC71AF33CE5009F26B9 /* Release */,
			);
			defaultConfigurationIsVisible = 0;
			defaultConfigurationName = Release;
		};
		ADAC4AC81AF33CE5009F26B9 /* Build configuration list for PBXNativeTarget "TextViewKeyboardDemo" */ = {
			isa = XCConfigurationList;
			buildConfigurations = (
				ADAC4AC91AF33CE5009F26B9 /* Debug */,
				ADAC4ACA1AF33CE5009F26B9 /* Release */,
			);
			defaultConfigurationIsVisible = 0;
		};
		ADAC4ACB1AF33CE5009F26B9 /* Build configuration list for PBXNativeTarget "TextViewKeyboardDemoTests" */ = {
			isa = XCConfigurationList;
			buildConfigurations = (
				ADAC4ACC1AF33CE5009F26B9 /* Debug */,
				ADAC4ACD1AF33CE5009F26B9 /* Release */,
			);
			defaultConfigurationIsVisible = 0;
		};
/* End XCConfigurationList section */
	};
	rootObject = ADAC4AA11AF33CE5009F26B9 /* Project object */;
}
