// !$*UTF8*$!
{
	archiveVersion = 1;
	classes = {
	};
	objectVersion = 46;
	objects = {

/* Begin PBXBuildFile section */
		ADD1C6601AF316AA00B2B946 /* AppDelegate.swift in Sources */ = {isa = PBXBuildFile; fileRef = ADD1C65F1AF316AA00B2B946 /* AppDelegate.swift */; };
		ADD1C6621AF316AA00B2B946 /* ViewController.swift in Sources */ = {isa = PBXBuildFile; fileRef = ADD1C6611AF316AA00B2B946 /* ViewController.swift */; };
		ADD1C6651AF316AA00B2B946 /* Main.storyboard in Resources */ = {isa = PBXBuildFile; fileRef = ADD1C6631AF316AA00B2B946 /* Main.storyboard */; };
		ADD1C6671AF316AA00B2B946 /* Images.xcassets in Resources */ = {isa = PBXBuildFile; fileRef = ADD1C6661AF316AA00B2B946 /* Images.xcassets */; };
		ADD1C66A1AF316AA00B2B946 /* LaunchScreen.xib in Resources */ = {isa = PBXBuildFile; fileRef = ADD1C6681AF316AA00B2B946 /* LaunchScreen.xib */; };
		ADD1C6761AF316AA00B2B946 /* KeyboardDemoTests.swift in Sources */ = {isa = PBXBuildFile; fileRef = ADD1C6751AF316AA00B2B946 /* KeyboardDemoTests.swift */; };
/* End PBXBuildFile section */

/* Begin PBXContainerItemProxy section */
		ADD1C6701AF316AA00B2B946 /* PBXContainerItemProxy */ = {
			isa = PBXContainerItemProxy;
			containerPortal = ADD1C6521AF316AA00B2B946 /* Project object */;
			proxyType = 1;
			remoteGlobalIDString = ADD1C6591AF316AA00B2B946;
			remoteInfo = KeyboardDemo;
		};
/* End PBXContainerItemProxy section */

/* Begin PBXFileReference section */
		ADD1C65A1AF316AA00B2B946 /* KeyboardDemo.app */ = {isa = PBXFileReference; explicitFileType = wrapper.application; includeInIndex = 0; path = KeyboardDemo.app; sourceTree = BUILT_PRODUCTS_DIR; };
		ADD1C65E1AF316AA00B2B946 /* Info.plist */ = {isa = PBXFileReference; lastKnownFileType = text.plist.xml; path = Info.plist; sourceTree = "<group>"; };
		ADD1C65F1AF316AA00B2B946 /* AppDelegate.swift */ = {isa = PBXFileReference; lastKnownFileType = sourcecode.swift; path = AppDelegate.swift; sourceTree = "<group>"; };
		ADD1C6611AF316AA00B2B946 /* ViewController.swift */ = {isa = PBXFileReference; lastKnownFileType = sourcecode.swift; path = ViewController.swift; sourceTree = "<group>"; };
		ADD1C6641AF316AA00B2B946 /* Base */ = {isa = PBXFileReference; lastKnownFileType = file.storyboard; name = Base; path = Base.lproj/Main.storyboard; sourceTree = "<group>"; };
		ADD1C6661AF316AA00B2B946 /* Images.xcassets */ = {isa = PBXFileReference; lastKnownFileType = folder.assetcatalog; path = Images.xcassets; sourceTree = "<group>"; };
		ADD1C6691AF316AA00B2B946 /* Base */ = {isa = PBXFileReference; lastKnownFileType = file.xib; name = Base; path = Base.lproj/LaunchScreen.xib; sourceTree = "<group>"; };
		ADD1C66F1AF316AA00B2B946 /* KeyboardDemoTests.xctest */ = {isa = PBXFileReference; explicitFileType = wrapper.cfbundle; includeInIndex = 0; path = KeyboardDemoTests.xctest; sourceTree = BUILT_PRODUCTS_DIR; };
		ADD1C6741AF316AA00B2B946 /* Info.plist */ = {isa = PBXFileReference; lastKnownFileType = text.plist.xml; path = Info.plist; sourceTree = "<group>"; };
		ADD1C6751AF316AA00B2B946 /* KeyboardDemoTests.swift */ = {isa = PBXFileReference; lastKnownFileType = sourcecode.swift; path = KeyboardDemoTests.swift; sourceTree = "<group>"; };
/* End PBXFileReference section */

/* Begin PBXFrameworksBuildPhase section */
		ADD1C6571AF316AA00B2B946 /* Frameworks */ = {
			isa = PBXFrameworksBuildPhase;
			buildActionMask = 2147483647;
			files = (
			);
			runOnlyForDeploymentPostprocessing = 0;
		};
		ADD1C66C1AF316AA00B2B946 /* Frameworks */ = {
			isa = PBXFrameworksBuildPhase;
			buildActionMask = 2147483647;
			files = (
			);
			runOnlyForDeploymentPostprocessing = 0;
		};
/* End PBXFrameworksBuildPhase section */

/* Begin PBXGroup section */
		ADD1C6511AF316AA00B2B946 = {
			isa = PBXGroup;
			children = (
				ADD1C65C1AF316AA00B2B946 /* KeyboardDemo */,
				ADD1C6721AF316AA00B2B946 /* KeyboardDemoTests */,
				ADD1C65B1AF316AA00B2B946 /* Products */,
			);
			sourceTree = "<group>";
		};
		ADD1C65B1AF316AA00B2B946 /* Products */ = {
			isa = PBXGroup;
			children = (
				ADD1C65A1AF316AA00B2B946 /* KeyboardDemo.app */,
				ADD1C66F1AF316AA00B2B946 /* KeyboardDemoTests.xctest */,
			);
			name = Products;
			sourceTree = "<group>";
		};
		ADD1C65C1AF316AA00B2B946 /* KeyboardDemo */ = {
			isa = PBXGroup;
			children = (
				ADD1C65F1AF316AA00B2B946 /* AppDelegate.swift */,
				ADD1C6611AF316AA00B2B946 /* ViewController.swift */,
				ADD1C6631AF316AA00B2B946 /* Main.storyboard */,
				ADD1C6661AF316AA00B2B946 /* Images.xcassets */,
				ADD1C6681AF316AA00B2B946 /* LaunchScreen.xib */,
				ADD1C65D1AF316AA00B2B946 /* Supporting Files */,
			);
			path = KeyboardDemo;
			sourceTree = "<group>";
		};
		ADD1C65D1AF316AA00B2B946 /* Supporting Files */ = {
			isa = PBXGroup;
			children = (
				ADD1C65E1AF316AA00B2B946 /* Info.plist */,
			);
			name = "Supporting Files";
			sourceTree = "<group>";
		};
		ADD1C6721AF316AA00B2B946 /* KeyboardDemoTests */ = {
			isa = PBXGroup;
			children = (
				ADD1C6751AF316AA00B2B946 /* KeyboardDemoTests.swift */,
				ADD1C6731AF316AA00B2B946 /* Supporting Files */,
			);
			path = KeyboardDemoTests;
			sourceTree = "<group>";
		};
		ADD1C6731AF316AA00B2B946 /* Supporting Files */ = {
			isa = PBXGroup;
			children = (
				ADD1C6741AF316AA00B2B946 /* Info.plist */,
			);
			name = "Supporting Files";
			sourceTree = "<group>";
		};
/* End PBXGroup section */

/* Begin PBXNativeTarget section */
		ADD1C6591AF316AA00B2B946 /* KeyboardDemo */ = {
			isa = PBXNativeTarget;
			buildConfigurationList = ADD1C6791AF316AA00B2B946 /* Build configuration list for PBXNativeTarget "KeyboardDemo" */;
			buildPhases = (
				ADD1C6561AF316AA00B2B946 /* Sources */,
				ADD1C6571AF316AA00B2B946 /* Frameworks */,
				ADD1C6581AF316AA00B2B946 /* Resources */,
			);
			buildRules = (
			);
			dependencies = (
			);
			name = KeyboardDemo;
			productName = KeyboardDemo;
			productReference = ADD1C65A1AF316AA00B2B946 /* KeyboardDemo.app */;
			productType = "com.apple.product-type.application";
		};
		ADD1C66E1AF316AA00B2B946 /* KeyboardDemoTests */ = {
			isa = PBXNativeTarget;
			buildConfigurationList = ADD1C67C1AF316AA00B2B946 /* Build configuration list for PBXNativeTarget "KeyboardDemoTests" */;
			buildPhases = (
				ADD1C66B1AF316AA00B2B946 /* Sources */,
				ADD1C66C1AF316AA00B2B946 /* Frameworks */,
				ADD1C66D1AF316AA00B2B946 /* Resources */,
			);
			buildRules = (
			);
			dependencies = (
				ADD1C6711AF316AA00B2B946 /* PBXTargetDependency */,
			);
			name = KeyboardDemoTests;
			productName = KeyboardDemoTests;
			productReference = ADD1C66F1AF316AA00B2B946 /* KeyboardDemoTests.xctest */;
			productType = "com.apple.product-type.bundle.unit-test";
		};
/* End PBXNativeTarget section */

/* Begin PBXProject section */
		ADD1C6521AF316AA00B2B946 /* Project object */ = {
			isa = PBXProject;
			attributes = {
				LastUpgradeCheck = 0630;
				ORGANIZATIONNAME = "Wanqing Wang";
				TargetAttributes = {
					ADD1C6591AF316AA00B2B946 = {
						CreatedOnToolsVersion = 6.3.1;
					};
					ADD1C66E1AF316AA00B2B946 = {
						CreatedOnToolsVersion = 6.3.1;
						TestTargetID = ADD1C6591AF316AA00B2B946;
					};
				};
			};
			buildConfigurationList = ADD1C6551AF316AA00B2B946 /* Build configuration list for PBXProject "KeyboardDemo" */;
			compatibilityVersion = "Xcode 3.2";
			developmentRegion = English;
			hasScannedForEncodings = 0;
			knownRegions = (
				en,
				Base,
			);
			mainGroup = ADD1C6511AF316AA00B2B946;
			productRefGroup = ADD1C65B1AF316AA00B2B946 /* Products */;
			projectDirPath = "";
			projectRoot = "";
			targets = (
				ADD1C6591AF316AA00B2B946 /* KeyboardDemo */,
				ADD1C66E1AF316AA00B2B946 /* KeyboardDemoTests */,
			);
		};
/* End PBXProject section */

/* Begin PBXResourcesBuildPhase section */
		ADD1C6581AF316AA00B2B946 /* Resources */ = {
			isa = PBXResourcesBuildPhase;
			buildActionMask = 2147483647;
			files = (
				ADD1C6651AF316AA00B2B946 /* Main.storyboard in Resources */,
				ADD1C66A1AF316AA00B2B946 /* LaunchScreen.xib in Resources */,
				ADD1C6671AF316AA00B2B946 /* Images.xcassets in Resources */,
			);
			runOnlyForDeploymentPostprocessing = 0;
		};
		ADD1C66D1AF316AA00B2B946 /* Resources */ = {
			isa = PBXResourcesBuildPhase;
			buildActionMask = 2147483647;
			files = (
			);
			runOnlyForDeploymentPostprocessing = 0;
		};
/* End PBXResourcesBuildPhase section */

/* Begin PBXSourcesBuildPhase section */
		ADD1C6561AF316AA00B2B946 /* Sources */ = {
			isa = PBXSourcesBuildPhase;
			buildActionMask = 2147483647;
			files = (
				ADD1C6621AF316AA00B2B946 /* ViewController.swift in Sources */,
				ADD1C6601AF316AA00B2B946 /* AppDelegate.swift in Sources */,
			);
			runOnlyForDeploymentPostprocessing = 0;
		};
		ADD1C66B1AF316AA00B2B946 /* Sources */ = {
			isa = PBXSourcesBuildPhase;
			buildActionMask = 2147483647;
			files = (
				ADD1C6761AF316AA00B2B946 /* KeyboardDemoTests.swift in Sources */,
			);
			runOnlyForDeploymentPostprocessing = 0;
		};
/* End PBXSourcesBuildPhase section */

/* Begin PBXTargetDependency section */
		ADD1C6711AF316AA00B2B946 /* PBXTargetDependency */ = {
			isa = PBXTargetDependency;
			target = ADD1C6591AF316AA00B2B946 /* KeyboardDemo */;
			targetProxy = ADD1C6701AF316AA00B2B946 /* PBXContainerItemProxy */;
		};
/* End PBXTargetDependency section */

/* Begin PBXVariantGroup section */
		ADD1C6631AF316AA00B2B946 /* Main.storyboard */ = {
			isa = PBXVariantGroup;
			children = (
				ADD1C6641AF316AA00B2B946 /* Base */,
			);
			name = Main.storyboard;
			sourceTree = "<group>";
		};
		ADD1C6681AF316AA00B2B946 /* LaunchScreen.xib */ = {
			isa = PBXVariantGroup;
			children = (
				ADD1C6691AF316AA00B2B946 /* Base */,
			);
			name = LaunchScreen.xib;
			sourceTree = "<group>";
		};
/* End PBXVariantGroup section */

/* Begin XCBuildConfiguration section */
		ADD1C6771AF316AA00B2B946 /* Debug */ = {
			isa = XCBuildConfiguration;
			buildSettings = {
				ALWAYS_SEARCH_USER_PATHS = NO;
				CLANG_CXX_LANGUAGE_STANDARD = "gnu++0x";
				CLANG_CXX_LIBRARY = "libc++";
				CLANG_ENABLE_MODULES = YES;
				CLANG_ENABLE_OBJC_ARC = YES;
				CLANG_WARN_BOOL_CONVERSION = YES;
				CLANG_WARN_CONSTANT_CONVERSION = YES;
				CLANG_WARN_DIRECT_OBJC_ISA_USAGE = YES_ERROR;
				CLANG_WARN_EMPTY_BODY = YES;
				CLANG_WARN_ENUM_CONVERSION = YES;
				CLANG_WARN_INT_CONVERSION = YES;
				CLANG_WARN_OBJC_ROOT_CLASS = YES_ERROR;
				CLANG_WARN_UNREACHABLE_CODE = YES;
				CLANG_WARN__DUPLICATE_METHOD_MATCH = YES;
				"CODE_SIGN_IDENTITY[sdk=iphoneos*]" = "iPhone Developer";
				COPY_PHASE_STRIP = NO;
				DEBUG_INFORMATION_FORMAT = "dwarf-with-dsym";
				ENABLE_STRICT_OBJC_MSGSEND = YES;
				GCC_C_LANGUAGE_STANDARD = gnu99;
				GCC_DYNAMIC_NO_PIC = NO;
				GCC_NO_COMMON_BLOCKS = YES;
				GCC_OPTIMIZATION_LEVEL = 0;
				GCC_PREPROCESSOR_DEFINITIONS = (
					"DEBUG=1",
					"$(inherited)",
				);
				GCC_SYMBOLS_PRIVATE_EXTERN = NO;
				GCC_WARN_64_TO_32_BIT_CONVERSION = YES;
				GCC_WARN_ABOUT_RETURN_TYPE = YES_ERROR;
				GCC_WARN_UNDECLARED_SELECTOR = YES;
				GCC_WARN_UNINITIALIZED_AUTOS = YES_AGGRESSIVE;
				GCC_WARN_UNUSED_FUNCTION = YES;
				GCC_WARN_UNUSED_VARIABLE = YES;
				IPHONEOS_DEPLOYMENT_TARGET = 8.3;
				MTL_ENABLE_DEBUG_INFO = YES;
				ONLY_ACTIVE_ARCH = YES;
				SDKROOT = iphoneos;
				SWIFT_OPTIMIZATION_LEVEL = "-Onone";
			};
			name = Debug;
		};
		ADD1C6781AF316AA00B2B946 /* Release */ = {
			isa = XCBuildConfiguration;
			buildSettings = {
				ALWAYS_SEARCH_USER_PATHS = NO;
				CLANG_CXX_LANGUAGE_STANDARD = "gnu++0x";
				CLANG_CXX_LIBRARY = "libc++";
				CLANG_ENABLE_MODULES = YES;
				CLANG_ENABLE_OBJC_ARC = YES;
				CLANG_WARN_BOOL_CONVERSION = YES;
				CLANG_WARN_CONSTANT_CONVERSION = YES;
				CLANG_WARN_DIRECT_OBJC_ISA_USAGE = YES_ERROR;
				CLANG_WARN_EMPTY_BODY = YES;
				CLANG_WARN_ENUM_CONVERSION = YES;
				CLANG_WARN_INT_CONVERSION = YES;
				CLANG_WARN_OBJC_ROOT_CLASS = YES_ERROR;
				CLANG_WARN_UNREACHABLE_CODE = YES;
				CLANG_WARN__DUPLICATE_METHOD_MATCH = YES;
				"CODE_SIGN_IDENTITY[sdk=iphoneos*]" = "iPhone Developer";
				COPY_PHASE_STRIP = NO;
				DEBUG_INFORMATION_FORMAT = "dwarf-with-dsym";
				ENABLE_NS_ASSERTIONS = NO;
				ENABLE_STRICT_OBJC_MSGSEND = YES;
				GCC_C_LANGUAGE_STANDARD = gnu99;
				GCC_NO_COMMON_BLOCKS = YES;
				GCC_WARN_64_TO_32_BIT_CONVERSION = YES;
				GCC_WARN_ABOUT_RETURN_TYPE = YES_ERROR;
				GCC_WARN_UNDECLARED_SELECTOR = YES;
				GCC_WARN_UNINITIALIZED_AUTOS = YES_AGGRESSIVE;
				GCC_WARN_UNUSED_FUNCTION = YES;
				GCC_WARN_UNUSED_VARIABLE = YES;
				IPHONEOS_DEPLOYMENT_TARGET = 8.3;
				MTL_ENABLE_DEBUG_INFO = NO;
				SDKROOT = iphoneos;
				VALIDATE_PRODUCT = YES;
			};
			name = Release;
		};
		ADD1C67A1AF316AA00B2B946 /* Debug */ = {
			isa = XCBuildConfiguration;
			buildSettings = {
				ASSETCATALOG_COMPILER_APPICON_NAME = AppIcon;
				INFOPLIST_FILE = KeyboardDemo/Info.plist;
				LD_RUNPATH_SEARCH_PATHS = "$(inherited) @executable_path/Frameworks";
				PRODUCT_NAME = "$(TARGET_NAME)";
			};
			name = Debug;
		};
		ADD1C67B1AF316AA00B2B946 /* Release */ = {
			isa = XCBuildConfiguration;
			buildSettings = {
				ASSETCATALOG_COMPILER_APPICON_NAME = AppIcon;
				INFOPLIST_FILE = KeyboardDemo/Info.plist;
				LD_RUNPATH_SEARCH_PATHS = "$(inherited) @executable_path/Frameworks";
				PRODUCT_NAME = "$(TARGET_NAME)";
			};
			name = Release;
		};
		ADD1C67D1AF316AA00B2B946 /* Debug */ = {
			isa = XCBuildConfiguration;
			buildSettings = {
				BUNDLE_LOADER = "$(TEST_HOST)";
				FRAMEWORK_SEARCH_PATHS = (
					"$(SDKROOT)/Developer/Library/Frameworks",
					"$(inherited)",
				);
				GCC_PREPROCESSOR_DEFINITIONS = (
					"DEBUG=1",
					"$(inherited)",
				);
				INFOPLIST_FILE = KeyboardDemoTests/Info.plist;
				LD_RUNPATH_SEARCH_PATHS = "$(inherited) @executable_path/Frameworks @loader_path/Frameworks";
				PRODUCT_NAME = "$(TARGET_NAME)";
				TEST_HOST = "$(BUILT_PRODUCTS_DIR)/KeyboardDemo.app/KeyboardDemo";
			};
			name = Debug;
		};
		ADD1C67E1AF316AA00B2B946 /* Release */ = {
			isa = XCBuildConfiguration;
			buildSettings = {
				BUNDLE_LOADER = "$(TEST_HOST)";
				FRAMEWORK_SEARCH_PATHS = (
					"$(SDKROOT)/Developer/Library/Frameworks",
					"$(inherited)",
				);
				INFOPLIST_FILE = KeyboardDemoTests/Info.plist;
				LD_RUNPATH_SEARCH_PATHS = "$(inherited) @executable_path/Frameworks @loader_path/Frameworks";
				PRODUCT_NAME = "$(TARGET_NAME)";
				TEST_HOST = "$(BUILT_PRODUCTS_DIR)/KeyboardDemo.app/KeyboardDemo";
			};
			name = Release;
		};
/* End XCBuildConfiguration section */

/* Begin XCConfigurationList section */
		ADD1C6551AF316AA00B2B946 /* Build configuration list for PBXProject "KeyboardDemo" */ = {
			isa = XCConfigurationList;
			buildConfigurations = (
				ADD1C6771AF316AA00B2B946 /* Debug */,
				ADD1C6781AF316AA00B2B946 /* Release */,
			);
			defaultConfigurationIsVisible = 0;
			defaultConfigurationName = Release;
		};
		ADD1C6791AF316AA00B2B946 /* Build configuration list for PBXNativeTarget "KeyboardDemo" */ = {
			isa = XCConfigurationList;
			buildConfigurations = (
				ADD1C67A1AF316AA00B2B946 /* Debug */,
				ADD1C67B1AF316AA00B2B946 /* Release */,
			);
			defaultConfigurationIsVisible = 0;
		};
		ADD1C67C1AF316AA00B2B946 /* Build configuration list for PBXNativeTarget "KeyboardDemoTests" */ = {
			isa = XCConfigurationList;
			buildConfigurations = (
				ADD1C67D1AF316AA00B2B946 /* Debug */,
				ADD1C67E1AF316AA00B2B946 /* Release */,
			);
			defaultConfigurationIsVisible = 0;
		};
/* End XCConfigurationList section */
	};
	rootObject = ADD1C6521AF316AA00B2B946 /* Project object */;
}
