// !$*UTF8*$!
{
	archiveVersion = 1;
	classes = {
	};
	objectVersion = 46;
	objects = {

/* Begin PBXBuildFile section */
		ADD1C68E1AF31B1100B2B946 /* AppDelegate.swift in Sources */ = {isa = PBXBuildFile; fileRef = ADD1C68D1AF31B1100B2B946 /* AppDelegate.swift */; };
		ADD1C6901AF31B1100B2B946 /* ViewController.swift in Sources */ = {isa = PBXBuildFile; fileRef = ADD1C68F1AF31B1100B2B946 /* ViewController.swift */; };
		ADD1C6931AF31B1100B2B946 /* Main.storyboard in Resources */ = {isa = PBXBuildFile; fileRef = ADD1C6911AF31B1100B2B946 /* Main.storyboard */; };
		ADD1C6951AF31B1100B2B946 /* Images.xcassets in Resources */ = {isa = PBXBuildFile; fileRef = ADD1C6941AF31B1100B2B946 /* Images.xcassets */; };
		ADD1C6981AF31B1100B2B946 /* LaunchScreen.xib in Resources */ = {isa = PBXBuildFile; fileRef = ADD1C6961AF31B1100B2B946 /* LaunchScreen.xib */; };
		ADD1C6A41AF31B1200B2B946 /* ViewControllerLifecycleTests.swift in Sources */ = {isa = PBXBuildFile; fileRef = ADD1C6A31AF31B1200B2B946 /* ViewControllerLifecycleTests.swift */; };
		ADD1C6AE1AF31C8800B2B946 /* SecondViewController.swift in Sources */ = {isa = PBXBuildFile; fileRef = ADD1C6AD1AF31C8800B2B946 /* SecondViewController.swift */; };
/* End PBXBuildFile section */

/* Begin PBXContainerItemProxy section */
		ADD1C69E1AF31B1200B2B946 /* PBXContainerItemProxy */ = {
			isa = PBXContainerItemProxy;
			containerPortal = ADD1C6801AF31B1100B2B946 /* Project object */;
			proxyType = 1;
			remoteGlobalIDString = ADD1C6871AF31B1100B2B946;
			remoteInfo = ViewControllerLifecycle;
		};
/* End PBXContainerItemProxy section */

/* Begin PBXFileReference section */
		ADD1C6881AF31B1100B2B946 /* ViewControllerLifecycle.app */ = {isa = PBXFileReference; explicitFileType = wrapper.application; includeInIndex = 0; path = ViewControllerLifecycle.app; sourceTree = BUILT_PRODUCTS_DIR; };
		ADD1C68C1AF31B1100B2B946 /* Info.plist */ = {isa = PBXFileReference; lastKnownFileType = text.plist.xml; path = Info.plist; sourceTree = "<group>"; };
		ADD1C68D1AF31B1100B2B946 /* AppDelegate.swift */ = {isa = PBXFileReference; lastKnownFileType = sourcecode.swift; path = AppDelegate.swift; sourceTree = "<group>"; };
		ADD1C68F1AF31B1100B2B946 /* ViewController.swift */ = {isa = PBXFileReference; lastKnownFileType = sourcecode.swift; path = ViewController.swift; sourceTree = "<group>"; };
		ADD1C6921AF31B1100B2B946 /* Base */ = {isa = PBXFileReference; lastKnownFileType = file.storyboard; name = Base; path = Base.lproj/Main.storyboard; sourceTree = "<group>"; };
		ADD1C6941AF31B1100B2B946 /* Images.xcassets */ = {isa = PBXFileReference; lastKnownFileType = folder.assetcatalog; path = Images.xcassets; sourceTree = "<group>"; };
		ADD1C6971AF31B1100B2B946 /* Base */ = {isa = PBXFileReference; lastKnownFileType = file.xib; name = Base; path = Base.lproj/LaunchScreen.xib; sourceTree = "<group>"; };
		ADD1C69D1AF31B1200B2B946 /* ViewControllerLifecycleTests.xctest */ = {isa = PBXFileReference; explicitFileType = wrapper.cfbundle; includeInIndex = 0; path = ViewControllerLifecycleTests.xctest; sourceTree = BUILT_PRODUCTS_DIR; };
		ADD1C6A21AF31B1200B2B946 /* Info.plist */ = {isa = PBXFileReference; lastKnownFileType = text.plist.xml; path = Info.plist; sourceTree = "<group>"; };
		ADD1C6A31AF31B1200B2B946 /* ViewControllerLifecycleTests.swift */ = {isa = PBXFileReference; lastKnownFileType = sourcecode.swift; path = ViewControllerLifecycleTests.swift; sourceTree = "<group>"; };
		ADD1C6AD1AF31C8800B2B946 /* SecondViewController.swift */ = {isa = PBXFileReference; fileEncoding = 4; lastKnownFileType = sourcecode.swift; path = SecondViewController.swift; sourceTree = "<group>"; };
/* End PBXFileReference section */

/* Begin PBXFrameworksBuildPhase section */
		ADD1C6851AF31B1100B2B946 /* Frameworks */ = {
			isa = PBXFrameworksBuildPhase;
			buildActionMask = 2147483647;
			files = (
			);
			runOnlyForDeploymentPostprocessing = 0;
		};
		ADD1C69A1AF31B1200B2B946 /* Frameworks */ = {
			isa = PBXFrameworksBuildPhase;
			buildActionMask = 2147483647;
			files = (
			);
			runOnlyForDeploymentPostprocessing = 0;
		};
/* End PBXFrameworksBuildPhase section */

/* Begin PBXGroup section */
		ADD1C67F1AF31B1100B2B946 = {
			isa = PBXGroup;
			children = (
				ADD1C68A1AF31B1100B2B946 /* ViewControllerLifecycle */,
				ADD1C6A01AF31B1200B2B946 /* ViewControllerLifecycleTests */,
				ADD1C6891AF31B1100B2B946 /* Products */,
			);
			sourceTree = "<group>";
		};
		ADD1C6891AF31B1100B2B946 /* Products */ = {
			isa = PBXGroup;
			children = (
				ADD1C6881AF31B1100B2B946 /* ViewControllerLifecycle.app */,
				ADD1C69D1AF31B1200B2B946 /* ViewControllerLifecycleTests.xctest */,
			);
			name = Products;
			sourceTree = "<group>";
		};
		ADD1C68A1AF31B1100B2B946 /* ViewControllerLifecycle */ = {
			isa = PBXGroup;
			children = (
				ADD1C68D1AF31B1100B2B946 /* AppDelegate.swift */,
				ADD1C68F1AF31B1100B2B946 /* ViewController.swift */,
				ADD1C6911AF31B1100B2B946 /* Main.storyboard */,
				ADD1C6941AF31B1100B2B946 /* Images.xcassets */,
				ADD1C6961AF31B1100B2B946 /* LaunchScreen.xib */,
				ADD1C68B1AF31B1100B2B946 /* Supporting Files */,
				ADD1C6AD1AF31C8800B2B946 /* SecondViewController.swift */,
			);
			path = ViewControllerLifecycle;
			sourceTree = "<group>";
		};
		ADD1C68B1AF31B1100B2B946 /* Supporting Files */ = {
			isa = PBXGroup;
			children = (
				ADD1C68C1AF31B1100B2B946 /* Info.plist */,
			);
			name = "Supporting Files";
			sourceTree = "<group>";
		};
		ADD1C6A01AF31B1200B2B946 /* ViewControllerLifecycleTests */ = {
			isa = PBXGroup;
			children = (
				ADD1C6A31AF31B1200B2B946 /* ViewControllerLifecycleTests.swift */,
				ADD1C6A11AF31B1200B2B946 /* Supporting Files */,
			);
			path = ViewControllerLifecycleTests;
			sourceTree = "<group>";
		};
		ADD1C6A11AF31B1200B2B946 /* Supporting Files */ = {
			isa = PBXGroup;
			children = (
				ADD1C6A21AF31B1200B2B946 /* Info.plist */,
			);
			name = "Supporting Files";
			sourceTree = "<group>";
		};
/* End PBXGroup section */

/* Begin PBXNativeTarget section */
		ADD1C6871AF31B1100B2B946 /* ViewControllerLifecycle */ = {
			isa = PBXNativeTarget;
			buildConfigurationList = ADD1C6A71AF31B1200B2B946 /* Build configuration list for PBXNativeTarget "ViewControllerLifecycle" */;
			buildPhases = (
				ADD1C6841AF31B1100B2B946 /* Sources */,
				ADD1C6851AF31B1100B2B946 /* Frameworks */,
				ADD1C6861AF31B1100B2B946 /* Resources */,
			);
			buildRules = (
			);
			dependencies = (
			);
			name = ViewControllerLifecycle;
			productName = ViewControllerLifecycle;
			productReference = ADD1C6881AF31B1100B2B946 /* ViewControllerLifecycle.app */;
			productType = "com.apple.product-type.application";
		};
		ADD1C69C1AF31B1200B2B946 /* ViewControllerLifecycleTests */ = {
			isa = PBXNativeTarget;
			buildConfigurationList = ADD1C6AA1AF31B1200B2B946 /* Build configuration list for PBXNativeTarget "ViewControllerLifecycleTests" */;
			buildPhases = (
				ADD1C6991AF31B1200B2B946 /* Sources */,
				ADD1C69A1AF31B1200B2B946 /* Frameworks */,
				ADD1C69B1AF31B1200B2B946 /* Resources */,
			);
			buildRules = (
			);
			dependencies = (
				ADD1C69F1AF31B1200B2B946 /* PBXTargetDependency */,
			);
			name = ViewControllerLifecycleTests;
			productName = ViewControllerLifecycleTests;
			productReference = ADD1C69D1AF31B1200B2B946 /* ViewControllerLifecycleTests.xctest */;
			productType = "com.apple.product-type.bundle.unit-test";
		};
/* End PBXNativeTarget section */

/* Begin PBXProject section */
		ADD1C6801AF31B1100B2B946 /* Project object */ = {
			isa = PBXProject;
			attributes = {
				LastUpgradeCheck = 0630;
				ORGANIZATIONNAME = "Wanqing Wang";
				TargetAttributes = {
					ADD1C6871AF31B1100B2B946 = {
						CreatedOnToolsVersion = 6.3.1;
					};
					ADD1C69C1AF31B1200B2B946 = {
						CreatedOnToolsVersion = 6.3.1;
						TestTargetID = ADD1C6871AF31B1100B2B946;
					};
				};
			};
			buildConfigurationList = ADD1C6831AF31B1100B2B946 /* Build configuration list for PBXProject "ViewControllerLifecycle" */;
			compatibilityVersion = "Xcode 3.2";
			developmentRegion = English;
			hasScannedForEncodings = 0;
			knownRegions = (
				en,
				Base,
			);
			mainGroup = ADD1C67F1AF31B1100B2B946;
			productRefGroup = ADD1C6891AF31B1100B2B946 /* Products */;
			projectDirPath = "";
			projectRoot = "";
			targets = (
				ADD1C6871AF31B1100B2B946 /* ViewControllerLifecycle */,
				ADD1C69C1AF31B1200B2B946 /* ViewControllerLifecycleTests */,
			);
		};
/* End PBXProject section */

/* Begin PBXResourcesBuildPhase section */
		ADD1C6861AF31B1100B2B946 /* Resources */ = {
			isa = PBXResourcesBuildPhase;
			buildActionMask = 2147483647;
			files = (
				ADD1C6931AF31B1100B2B946 /* Main.storyboard in Resources */,
				ADD1C6981AF31B1100B2B946 /* LaunchScreen.xib in Resources */,
				ADD1C6951AF31B1100B2B946 /* Images.xcassets in Resources */,
			);
			runOnlyForDeploymentPostprocessing = 0;
		};
		ADD1C69B1AF31B1200B2B946 /* Resources */ = {
			isa = PBXResourcesBuildPhase;
			buildActionMask = 2147483647;
			files = (
			);
			runOnlyForDeploymentPostprocessing = 0;
		};
/* End PBXResourcesBuildPhase section */

/* Begin PBXSourcesBuildPhase section */
		ADD1C6841AF31B1100B2B946 /* Sources */ = {
			isa = PBXSourcesBuildPhase;
			buildActionMask = 2147483647;
			files = (
				ADD1C6AE1AF31C8800B2B946 /* SecondViewController.swift in Sources */,
				ADD1C6901AF31B1100B2B946 /* ViewController.swift in Sources */,
				ADD1C68E1AF31B1100B2B946 /* AppDelegate.swift in Sources */,
			);
			runOnlyForDeploymentPostprocessing = 0;
		};
		ADD1C6991AF31B1200B2B946 /* Sources */ = {
			isa = PBXSourcesBuildPhase;
			buildActionMask = 2147483647;
			files = (
				ADD1C6A41AF31B1200B2B946 /* ViewControllerLifecycleTests.swift in Sources */,
			);
			runOnlyForDeploymentPostprocessing = 0;
		};
/* End PBXSourcesBuildPhase section */

/* Begin PBXTargetDependency section */
		ADD1C69F1AF31B1200B2B946 /* PBXTargetDependency */ = {
			isa = PBXTargetDependency;
			target = ADD1C6871AF31B1100B2B946 /* ViewControllerLifecycle */;
			targetProxy = ADD1C69E1AF31B1200B2B946 /* PBXContainerItemProxy */;
		};
/* End PBXTargetDependency section */

/* Begin PBXVariantGroup section */
		ADD1C6911AF31B1100B2B946 /* Main.storyboard */ = {
			isa = PBXVariantGroup;
			children = (
				ADD1C6921AF31B1100B2B946 /* Base */,
			);
			name = Main.storyboard;
			sourceTree = "<group>";
		};
		ADD1C6961AF31B1100B2B946 /* LaunchScreen.xib */ = {
			isa = PBXVariantGroup;
			children = (
				ADD1C6971AF31B1100B2B946 /* Base */,
			);
			name = LaunchScreen.xib;
			sourceTree = "<group>";
		};
/* End PBXVariantGroup section */

/* Begin XCBuildConfiguration section */
		ADD1C6A51AF31B1200B2B946 /* Debug */ = {
			isa = XCBuildConfiguration;
			buildSettings = {
				ALWAYS_SEARCH_USER_PATHS = NO;
				CLANG_CXX_LANGUAGE_STANDARD = "gnu++0x";
				CLANG_CXX_LIBRARY = "libc++";
				CLANG_ENABLE_MODULES = YES;
				CLANG_ENABLE_OBJC_ARC = YES;
				CLANG_WARN_BOOL_CONVERSION = YES;
				CLANG_WARN_CONSTANT_CONVERSION = YES;
				CLANG_WARN_DIRECT_OBJC_ISA_USAGE = YES_ERROR;
				CLANG_WARN_EMPTY_BODY = YES;
				CLANG_WARN_ENUM_CONVERSION = YES;
				CLANG_WARN_INT_CONVERSION = YES;
				CLANG_WARN_OBJC_ROOT_CLASS = YES_ERROR;
				CLANG_WARN_UNREACHABLE_CODE = YES;
				CLANG_WARN__DUPLICATE_METHOD_MATCH = YES;
				"CODE_SIGN_IDENTITY[sdk=iphoneos*]" = "iPhone Developer";
				COPY_PHASE_STRIP = NO;
				DEBUG_INFORMATION_FORMAT = "dwarf-with-dsym";
				ENABLE_STRICT_OBJC_MSGSEND = YES;
				GCC_C_LANGUAGE_STANDARD = gnu99;
				GCC_DYNAMIC_NO_PIC = NO;
				GCC_NO_COMMON_BLOCKS = YES;
				GCC_OPTIMIZATION_LEVEL = 0;
				GCC_PREPROCESSOR_DEFINITIONS = (
					"DEBUG=1",
					"$(inherited)",
				);
				GCC_SYMBOLS_PRIVATE_EXTERN = NO;
				GCC_WARN_64_TO_32_BIT_CONVERSION = YES;
				GCC_WARN_ABOUT_RETURN_TYPE = YES_ERROR;
				GCC_WARN_UNDECLARED_SELECTOR = YES;
				GCC_WARN_UNINITIALIZED_AUTOS = YES_AGGRESSIVE;
				GCC_WARN_UNUSED_FUNCTION = YES;
				GCC_WARN_UNUSED_VARIABLE = YES;
				IPHONEOS_DEPLOYMENT_TARGET = 8.3;
				MTL_ENABLE_DEBUG_INFO = YES;
				ONLY_ACTIVE_ARCH = YES;
				SDKROOT = iphoneos;
				SWIFT_OPTIMIZATION_LEVEL = "-Onone";
			};
			name = Debug;
		};
		ADD1C6A61AF31B1200B2B946 /* Release */ = {
			isa = XCBuildConfiguration;
			buildSettings = {
				ALWAYS_SEARCH_USER_PATHS = NO;
				CLANG_CXX_LANGUAGE_STANDARD = "gnu++0x";
				CLANG_CXX_LIBRARY = "libc++";
				CLANG_ENABLE_MODULES = YES;
				CLANG_ENABLE_OBJC_ARC = YES;
				CLANG_WARN_BOOL_CONVERSION = YES;
				CLANG_WARN_CONSTANT_CONVERSION = YES;
				CLANG_WARN_DIRECT_OBJC_ISA_USAGE = YES_ERROR;
				CLANG_WARN_EMPTY_BODY = YES;
				CLANG_WARN_ENUM_CONVERSION = YES;
				CLANG_WARN_INT_CONVERSION = YES;
				CLANG_WARN_OBJC_ROOT_CLASS = YES_ERROR;
				CLANG_WARN_UNREACHABLE_CODE = YES;
				CLANG_WARN__DUPLICATE_METHOD_MATCH = YES;
				"CODE_SIGN_IDENTITY[sdk=iphoneos*]" = "iPhone Developer";
				COPY_PHASE_STRIP = NO;
				DEBUG_INFORMATION_FORMAT = "dwarf-with-dsym";
				ENABLE_NS_ASSERTIONS = NO;
				ENABLE_STRICT_OBJC_MSGSEND = YES;
				GCC_C_LANGUAGE_STANDARD = gnu99;
				GCC_NO_COMMON_BLOCKS = YES;
				GCC_WARN_64_TO_32_BIT_CONVERSION = YES;
				GCC_WARN_ABOUT_RETURN_TYPE = YES_ERROR;
				GCC_WARN_UNDECLARED_SELECTOR = YES;
				GCC_WARN_UNINITIALIZED_AUTOS = YES_AGGRESSIVE;
				GCC_WARN_UNUSED_FUNCTION = YES;
				GCC_WARN_UNUSED_VARIABLE = YES;
				IPHONEOS_DEPLOYMENT_TARGET = 8.3;
				MTL_ENABLE_DEBUG_INFO = NO;
				SDKROOT = iphoneos;
				VALIDATE_PRODUCT = YES;
			};
			name = Release;
		};
		ADD1C6A81AF31B1200B2B946 /* Debug */ = {
			isa = XCBuildConfiguration;
			buildSettings = {
				ASSETCATALOG_COMPILER_APPICON_NAME = AppIcon;
				INFOPLIST_FILE = ViewControllerLifecycle/Info.plist;
				LD_RUNPATH_SEARCH_PATHS = "$(inherited) @executable_path/Frameworks";
				PRODUCT_NAME = "$(TARGET_NAME)";
			};
			name = Debug;
		};
		ADD1C6A91AF31B1200B2B946 /* Release */ = {
			isa = XCBuildConfiguration;
			buildSettings = {
				ASSETCATALOG_COMPILER_APPICON_NAME = AppIcon;
				INFOPLIST_FILE = ViewControllerLifecycle/Info.plist;
				LD_RUNPATH_SEARCH_PATHS = "$(inherited) @executable_path/Frameworks";
				PRODUCT_NAME = "$(TARGET_NAME)";
			};
			name = Release;
		};
		ADD1C6AB1AF31B1200B2B946 /* Debug */ = {
			isa = XCBuildConfiguration;
			buildSettings = {
				BUNDLE_LOADER = "$(TEST_HOST)";
				FRAMEWORK_SEARCH_PATHS = (
					"$(SDKROOT)/Developer/Library/Frameworks",
					"$(inherited)",
				);
				GCC_PREPROCESSOR_DEFINITIONS = (
					"DEBUG=1",
					"$(inherited)",
				);
				INFOPLIST_FILE = ViewControllerLifecycleTests/Info.plist;
				LD_RUNPATH_SEARCH_PATHS = "$(inherited) @executable_path/Frameworks @loader_path/Frameworks";
				PRODUCT_NAME = "$(TARGET_NAME)";
				TEST_HOST = "$(BUILT_PRODUCTS_DIR)/ViewControllerLifecycle.app/ViewControllerLifecycle";
			};
			name = Debug;
		};
		ADD1C6AC1AF31B1200B2B946 /* Release */ = {
			isa = XCBuildConfiguration;
			buildSettings = {
				BUNDLE_LOADER = "$(TEST_HOST)";
				FRAMEWORK_SEARCH_PATHS = (
					"$(SDKROOT)/Developer/Library/Frameworks",
					"$(inherited)",
				);
				INFOPLIST_FILE = ViewControllerLifecycleTests/Info.plist;
				LD_RUNPATH_SEARCH_PATHS = "$(inherited) @executable_path/Frameworks @loader_path/Frameworks";
				PRODUCT_NAME = "$(TARGET_NAME)";
				TEST_HOST = "$(BUILT_PRODUCTS_DIR)/ViewControllerLifecycle.app/ViewControllerLifecycle";
			};
			name = Release;
		};
/* End XCBuildConfiguration section */

/* Begin XCConfigurationList section */
		ADD1C6831AF31B1100B2B946 /* Build configuration list for PBXProject "ViewControllerLifecycle" */ = {
			isa = XCConfigurationList;
			buildConfigurations = (
				ADD1C6A51AF31B1200B2B946 /* Debug */,
				ADD1C6A61AF31B1200B2B946 /* Release */,
			);
			defaultConfigurationIsVisible = 0;
			defaultConfigurationName = Release;
		};
		ADD1C6A71AF31B1200B2B946 /* Build configuration list for PBXNativeTarget "ViewControllerLifecycle" */ = {
			isa = XCConfigurationList;
			buildConfigurations = (
				ADD1C6A81AF31B1200B2B946 /* Debug */,
				ADD1C6A91AF31B1200B2B946 /* Release */,
			);
			defaultConfigurationIsVisible = 0;
		};
		ADD1C6AA1AF31B1200B2B946 /* Build configuration list for PBXNativeTarget "ViewControllerLifecycleTests" */ = {
			isa = XCConfigurationList;
			buildConfigurations = (
				ADD1C6AB1AF31B1200B2B946 /* Debug */,
				ADD1C6AC1AF31B1200B2B946 /* Release */,
			);
			defaultConfigurationIsVisible = 0;
		};
/* End XCConfigurationList section */
	};
	rootObject = ADD1C6801AF31B1100B2B946 /* Project object */;
}
