// !$*UTF8*$!
{
	archiveVersion = 1;
	classes = {
	};
	objectVersion = 46;
	objects = {

/* Begin PBXBuildFile section */
		ADD1C6BE1AF3251D00B2B946 /* AppDelegate.swift in Sources */ = {isa = PBXBuildFile; fileRef = ADD1C6BD1AF3251D00B2B946 /* AppDelegate.swift */; };
		ADD1C6C01AF3251D00B2B946 /* ViewController.swift in Sources */ = {isa = PBXBuildFile; fileRef = ADD1C6BF1AF3251D00B2B946 /* ViewController.swift */; };
		ADD1C6C31AF3251D00B2B946 /* Main.storyboard in Resources */ = {isa = PBXBuildFile; fileRef = ADD1C6C11AF3251D00B2B946 /* Main.storyboard */; };
		ADD1C6C51AF3251D00B2B946 /* Images.xcassets in Resources */ = {isa = PBXBuildFile; fileRef = ADD1C6C41AF3251D00B2B946 /* Images.xcassets */; };
		ADD1C6C81AF3251D00B2B946 /* LaunchScreen.xib in Resources */ = {isa = PBXBuildFile; fileRef = ADD1C6C61AF3251D00B2B946 /* LaunchScreen.xib */; };
		ADD1C6D41AF3251D00B2B946 /* KeyboardNotificationTests.swift in Sources */ = {isa = PBXBuildFile; fileRef = ADD1C6D31AF3251D00B2B946 /* KeyboardNotificationTests.swift */; };
/* End PBXBuildFile section */

/* Begin PBXContainerItemProxy section */
		ADD1C6CE1AF3251D00B2B946 /* PBXContainerItemProxy */ = {
			isa = PBXContainerItemProxy;
			containerPortal = ADD1C6B01AF3251D00B2B946 /* Project object */;
			proxyType = 1;
			remoteGlobalIDString = ADD1C6B71AF3251D00B2B946;
			remoteInfo = KeyboardNotification;
		};
/* End PBXContainerItemProxy section */

/* Begin PBXFileReference section */
		ADD1C6B81AF3251D00B2B946 /* KeyboardNotification.app */ = {isa = PBXFileReference; explicitFileType = wrapper.application; includeInIndex = 0; path = KeyboardNotification.app; sourceTree = BUILT_PRODUCTS_DIR; };
		ADD1C6BC1AF3251D00B2B946 /* Info.plist */ = {isa = PBXFileReference; lastKnownFileType = text.plist.xml; path = Info.plist; sourceTree = "<group>"; };
		ADD1C6BD1AF3251D00B2B946 /* AppDelegate.swift */ = {isa = PBXFileReference; lastKnownFileType = sourcecode.swift; path = AppDelegate.swift; sourceTree = "<group>"; };
		ADD1C6BF1AF3251D00B2B946 /* ViewController.swift */ = {isa = PBXFileReference; lastKnownFileType = sourcecode.swift; path = ViewController.swift; sourceTree = "<group>"; };
		ADD1C6C21AF3251D00B2B946 /* Base */ = {isa = PBXFileReference; lastKnownFileType = file.storyboard; name = Base; path = Base.lproj/Main.storyboard; sourceTree = "<group>"; };
		ADD1C6C41AF3251D00B2B946 /* Images.xcassets */ = {isa = PBXFileReference; lastKnownFileType = folder.assetcatalog; path = Images.xcassets; sourceTree = "<group>"; };
		ADD1C6C71AF3251D00B2B946 /* Base */ = {isa = PBXFileReference; lastKnownFileType = file.xib; name = Base; path = Base.lproj/LaunchScreen.xib; sourceTree = "<group>"; };
		ADD1C6CD1AF3251D00B2B946 /* KeyboardNotificationTests.xctest */ = {isa = PBXFileReference; explicitFileType = wrapper.cfbundle; includeInIndex = 0; path = KeyboardNotificationTests.xctest; sourceTree = BUILT_PRODUCTS_DIR; };
		ADD1C6D21AF3251D00B2B946 /* Info.plist */ = {isa = PBXFileReference; lastKnownFileType = text.plist.xml; path = Info.plist; sourceTree = "<group>"; };
		ADD1C6D31AF3251D00B2B946 /* KeyboardNotificationTests.swift */ = {isa = PBXFileReference; lastKnownFileType = sourcecode.swift; path = KeyboardNotificationTests.swift; sourceTree = "<group>"; };
/* End PBXFileReference section */

/* Begin PBXFrameworksBuildPhase section */
		ADD1C6B51AF3251D00B2B946 /* Frameworks */ = {
			isa = PBXFrameworksBuildPhase;
			buildActionMask = 2147483647;
			files = (
			);
			runOnlyForDeploymentPostprocessing = 0;
		};
		ADD1C6CA1AF3251D00B2B946 /* Frameworks */ = {
			isa = PBXFrameworksBuildPhase;
			buildActionMask = 2147483647;
			files = (
			);
			runOnlyForDeploymentPostprocessing = 0;
		};
/* End PBXFrameworksBuildPhase section */

/* Begin PBXGroup section */
		ADD1C6AF1AF3251D00B2B946 = {
			isa = PBXGroup;
			children = (
				ADD1C6BA1AF3251D00B2B946 /* KeyboardNotification */,
				ADD1C6D01AF3251D00B2B946 /* KeyboardNotificationTests */,
				ADD1C6B91AF3251D00B2B946 /* Products */,
			);
			sourceTree = "<group>";
		};
		ADD1C6B91AF3251D00B2B946 /* Products */ = {
			isa = PBXGroup;
			children = (
				ADD1C6B81AF3251D00B2B946 /* KeyboardNotification.app */,
				ADD1C6CD1AF3251D00B2B946 /* KeyboardNotificationTests.xctest */,
			);
			name = Products;
			sourceTree = "<group>";
		};
		ADD1C6BA1AF3251D00B2B946 /* KeyboardNotification */ = {
			isa = PBXGroup;
			children = (
				ADD1C6BD1AF3251D00B2B946 /* AppDelegate.swift */,
				ADD1C6BF1AF3251D00B2B946 /* ViewController.swift */,
				ADD1C6C11AF3251D00B2B946 /* Main.storyboard */,
				ADD1C6C41AF3251D00B2B946 /* Images.xcassets */,
				ADD1C6C61AF3251D00B2B946 /* LaunchScreen.xib */,
				ADD1C6BB1AF3251D00B2B946 /* Supporting Files */,
			);
			path = KeyboardNotification;
			sourceTree = "<group>";
		};
		ADD1C6BB1AF3251D00B2B946 /* Supporting Files */ = {
			isa = PBXGroup;
			children = (
				ADD1C6BC1AF3251D00B2B946 /* Info.plist */,
			);
			name = "Supporting Files";
			sourceTree = "<group>";
		};
		ADD1C6D01AF3251D00B2B946 /* KeyboardNotificationTests */ = {
			isa = PBXGroup;
			children = (
				ADD1C6D31AF3251D00B2B946 /* KeyboardNotificationTests.swift */,
				ADD1C6D11AF3251D00B2B946 /* Supporting Files */,
			);
			path = KeyboardNotificationTests;
			sourceTree = "<group>";
		};
		ADD1C6D11AF3251D00B2B946 /* Supporting Files */ = {
			isa = PBXGroup;
			children = (
				ADD1C6D21AF3251D00B2B946 /* Info.plist */,
			);
			name = "Supporting Files";
			sourceTree = "<group>";
		};
/* End PBXGroup section */

/* Begin PBXNativeTarget section */
		ADD1C6B71AF3251D00B2B946 /* KeyboardNotification */ = {
			isa = PBXNativeTarget;
			buildConfigurationList = ADD1C6D71AF3251D00B2B946 /* Build configuration list for PBXNativeTarget "KeyboardNotification" */;
			buildPhases = (
				ADD1C6B41AF3251D00B2B946 /* Sources */,
				ADD1C6B51AF3251D00B2B946 /* Frameworks */,
				ADD1C6B61AF3251D00B2B946 /* Resources */,
			);
			buildRules = (
			);
			dependencies = (
			);
			name = KeyboardNotification;
			productName = KeyboardNotification;
			productReference = ADD1C6B81AF3251D00B2B946 /* KeyboardNotification.app */;
			productType = "com.apple.product-type.application";
		};
		ADD1C6CC1AF3251D00B2B946 /* KeyboardNotificationTests */ = {
			isa = PBXNativeTarget;
			buildConfigurationList = ADD1C6DA1AF3251D00B2B946 /* Build configuration list for PBXNativeTarget "KeyboardNotificationTests" */;
			buildPhases = (
				ADD1C6C91AF3251D00B2B946 /* Sources */,
				ADD1C6CA1AF3251D00B2B946 /* Frameworks */,
				ADD1C6CB1AF3251D00B2B946 /* Resources */,
			);
			buildRules = (
			);
			dependencies = (
				ADD1C6CF1AF3251D00B2B946 /* PBXTargetDependency */,
			);
			name = KeyboardNotificationTests;
			productName = KeyboardNotificationTests;
			productReference = ADD1C6CD1AF3251D00B2B946 /* KeyboardNotificationTests.xctest */;
			productType = "com.apple.product-type.bundle.unit-test";
		};
/* End PBXNativeTarget section */

/* Begin PBXProject section */
		ADD1C6B01AF3251D00B2B946 /* Project object */ = {
			isa = PBXProject;
			attributes = {
				LastUpgradeCheck = 0630;
				ORGANIZATIONNAME = "Wanqing Wang";
				TargetAttributes = {
					ADD1C6B71AF3251D00B2B946 = {
						CreatedOnToolsVersion = 6.3.1;
					};
					ADD1C6CC1AF3251D00B2B946 = {
						CreatedOnToolsVersion = 6.3.1;
						TestTargetID = ADD1C6B71AF3251D00B2B946;
					};
				};
			};
			buildConfigurationList = ADD1C6B31AF3251D00B2B946 /* Build configuration list for PBXProject "KeyboardNotification" */;
			compatibilityVersion = "Xcode 3.2";
			developmentRegion = English;
			hasScannedForEncodings = 0;
			knownRegions = (
				en,
				Base,
			);
			mainGroup = ADD1C6AF1AF3251D00B2B946;
			productRefGroup = ADD1C6B91AF3251D00B2B946 /* Products */;
			projectDirPath = "";
			projectRoot = "";
			targets = (
				ADD1C6B71AF3251D00B2B946 /* KeyboardNotification */,
				ADD1C6CC1AF3251D00B2B946 /* KeyboardNotificationTests */,
			);
		};
/* End PBXProject section */

/* Begin PBXResourcesBuildPhase section */
		ADD1C6B61AF3251D00B2B946 /* Resources */ = {
			isa = PBXResourcesBuildPhase;
			buildActionMask = 2147483647;
			files = (
				ADD1C6C31AF3251D00B2B946 /* Main.storyboard in Resources */,
				ADD1C6C81AF3251D00B2B946 /* LaunchScreen.xib in Resources */,
				ADD1C6C51AF3251D00B2B946 /* Images.xcassets in Resources */,
			);
			runOnlyForDeploymentPostprocessing = 0;
		};
		ADD1C6CB1AF3251D00B2B946 /* Resources */ = {
			isa = PBXResourcesBuildPhase;
			buildActionMask = 2147483647;
			files = (
			);
			runOnlyForDeploymentPostprocessing = 0;
		};
/* End PBXResourcesBuildPhase section */

/* Begin PBXSourcesBuildPhase section */
		ADD1C6B41AF3251D00B2B946 /* Sources */ = {
			isa = PBXSourcesBuildPhase;
			buildActionMask = 2147483647;
			files = (
				ADD1C6C01AF3251D00B2B946 /* ViewController.swift in Sources */,
				ADD1C6BE1AF3251D00B2B946 /* AppDelegate.swift in Sources */,
			);
			runOnlyForDeploymentPostprocessing = 0;
		};
		ADD1C6C91AF3251D00B2B946 /* Sources */ = {
			isa = PBXSourcesBuildPhase;
			buildActionMask = 2147483647;
			files = (
				ADD1C6D41AF3251D00B2B946 /* KeyboardNotificationTests.swift in Sources */,
			);
			runOnlyForDeploymentPostprocessing = 0;
		};
/* End PBXSourcesBuildPhase section */

/* Begin PBXTargetDependency section */
		ADD1C6CF1AF3251D00B2B946 /* PBXTargetDependency */ = {
			isa = PBXTargetDependency;
			target = ADD1C6B71AF3251D00B2B946 /* KeyboardNotification */;
			targetProxy = ADD1C6CE1AF3251D00B2B946 /* PBXContainerItemProxy */;
		};
/* End PBXTargetDependency section */

/* Begin PBXVariantGroup section */
		ADD1C6C11AF3251D00B2B946 /* Main.storyboard */ = {
			isa = PBXVariantGroup;
			children = (
				ADD1C6C21AF3251D00B2B946 /* Base */,
			);
			name = Main.storyboard;
			sourceTree = "<group>";
		};
		ADD1C6C61AF3251D00B2B946 /* LaunchScreen.xib */ = {
			isa = PBXVariantGroup;
			children = (
				ADD1C6C71AF3251D00B2B946 /* Base */,
			);
			name = LaunchScreen.xib;
			sourceTree = "<group>";
		};
/* End PBXVariantGroup section */

/* Begin XCBuildConfiguration section */
		ADD1C6D51AF3251D00B2B946 /* Debug */ = {
			isa = XCBuildConfiguration;
			buildSettings = {
				ALWAYS_SEARCH_USER_PATHS = NO;
				CLANG_CXX_LANGUAGE_STANDARD = "gnu++0x";
				CLANG_CXX_LIBRARY = "libc++";
				CLANG_ENABLE_MODULES = YES;
				CLANG_ENABLE_OBJC_ARC = YES;
				CLANG_WARN_BOOL_CONVERSION = YES;
				CLANG_WARN_CONSTANT_CONVERSION = YES;
				CLANG_WARN_DIRECT_OBJC_ISA_USAGE = YES_ERROR;
				CLANG_WARN_EMPTY_BODY = YES;
				CLANG_WARN_ENUM_CONVERSION = YES;
				CLANG_WARN_INT_CONVERSION = YES;
				CLANG_WARN_OBJC_ROOT_CLASS = YES_ERROR;
				CLANG_WARN_UNREACHABLE_CODE = YES;
				CLANG_WARN__DUPLICATE_METHOD_MATCH = YES;
				"CODE_SIGN_IDENTITY[sdk=iphoneos*]" = "iPhone Developer";
				COPY_PHASE_STRIP = NO;
				DEBUG_INFORMATION_FORMAT = "dwarf-with-dsym";
				ENABLE_STRICT_OBJC_MSGSEND = YES;
				GCC_C_LANGUAGE_STANDARD = gnu99;
				GCC_DYNAMIC_NO_PIC = NO;
				GCC_NO_COMMON_BLOCKS = YES;
				GCC_OPTIMIZATION_LEVEL = 0;
				GCC_PREPROCESSOR_DEFINITIONS = (
					"DEBUG=1",
					"$(inherited)",
				);
				GCC_SYMBOLS_PRIVATE_EXTERN = NO;
				GCC_WARN_64_TO_32_BIT_CONVERSION = YES;
				GCC_WARN_ABOUT_RETURN_TYPE = YES_ERROR;
				GCC_WARN_UNDECLARED_SELECTOR = YES;
				GCC_WARN_UNINITIALIZED_AUTOS = YES_AGGRESSIVE;
				GCC_WARN_UNUSED_FUNCTION = YES;
				GCC_WARN_UNUSED_VARIABLE = YES;
				IPHONEOS_DEPLOYMENT_TARGET = 8.3;
				MTL_ENABLE_DEBUG_INFO = YES;
				ONLY_ACTIVE_ARCH = YES;
				SDKROOT = iphoneos;
				SWIFT_OPTIMIZATION_LEVEL = "-Onone";
			};
			name = Debug;
		};
		ADD1C6D61AF3251D00B2B946 /* Release */ = {
			isa = XCBuildConfiguration;
			buildSettings = {
				ALWAYS_SEARCH_USER_PATHS = NO;
				CLANG_CXX_LANGUAGE_STANDARD = "gnu++0x";
				CLANG_CXX_LIBRARY = "libc++";
				CLANG_ENABLE_MODULES = YES;
				CLANG_ENABLE_OBJC_ARC = YES;
				CLANG_WARN_BOOL_CONVERSION = YES;
				CLANG_WARN_CONSTANT_CONVERSION = YES;
				CLANG_WARN_DIRECT_OBJC_ISA_USAGE = YES_ERROR;
				CLANG_WARN_EMPTY_BODY = YES;
				CLANG_WARN_ENUM_CONVERSION = YES;
				CLANG_WARN_INT_CONVERSION = YES;
				CLANG_WARN_OBJC_ROOT_CLASS = YES_ERROR;
				CLANG_WARN_UNREACHABLE_CODE = YES;
				CLANG_WARN__DUPLICATE_METHOD_MATCH = YES;
				"CODE_SIGN_IDENTITY[sdk=iphoneos*]" = "iPhone Developer";
				COPY_PHASE_STRIP = NO;
				DEBUG_INFORMATION_FORMAT = "dwarf-with-dsym";
				ENABLE_NS_ASSERTIONS = NO;
				ENABLE_STRICT_OBJC_MSGSEND = YES;
				GCC_C_LANGUAGE_STANDARD = gnu99;
				GCC_NO_COMMON_BLOCKS = YES;
				GCC_WARN_64_TO_32_BIT_CONVERSION = YES;
				GCC_WARN_ABOUT_RETURN_TYPE = YES_ERROR;
				GCC_WARN_UNDECLARED_SELECTOR = YES;
				GCC_WARN_UNINITIALIZED_AUTOS = YES_AGGRESSIVE;
				GCC_WARN_UNUSED_FUNCTION = YES;
				GCC_WARN_UNUSED_VARIABLE = YES;
				IPHONEOS_DEPLOYMENT_TARGET = 8.3;
				MTL_ENABLE_DEBUG_INFO = NO;
				SDKROOT = iphoneos;
				VALIDATE_PRODUCT = YES;
			};
			name = Release;
		};
		ADD1C6D81AF3251D00B2B946 /* Debug */ = {
			isa = XCBuildConfiguration;
			buildSettings = {
				ASSETCATALOG_COMPILER_APPICON_NAME = AppIcon;
				INFOPLIST_FILE = KeyboardNotification/Info.plist;
				LD_RUNPATH_SEARCH_PATHS = "$(inherited) @executable_path/Frameworks";
				PRODUCT_NAME = "$(TARGET_NAME)";
			};
			name = Debug;
		};
		ADD1C6D91AF3251D00B2B946 /* Release */ = {
			isa = XCBuildConfiguration;
			buildSettings = {
				ASSETCATALOG_COMPILER_APPICON_NAME = AppIcon;
				INFOPLIST_FILE = KeyboardNotification/Info.plist;
				LD_RUNPATH_SEARCH_PATHS = "$(inherited) @executable_path/Frameworks";
				PRODUCT_NAME = "$(TARGET_NAME)";
			};
			name = Release;
		};
		ADD1C6DB1AF3251D00B2B946 /* Debug */ = {
			isa = XCBuildConfiguration;
			buildSettings = {
				BUNDLE_LOADER = "$(TEST_HOST)";
				FRAMEWORK_SEARCH_PATHS = (
					"$(SDKROOT)/Developer/Library/Frameworks",
					"$(inherited)",
				);
				GCC_PREPROCESSOR_DEFINITIONS = (
					"DEBUG=1",
					"$(inherited)",
				);
				INFOPLIST_FILE = KeyboardNotificationTests/Info.plist;
				LD_RUNPATH_SEARCH_PATHS = "$(inherited) @executable_path/Frameworks @loader_path/Frameworks";
				PRODUCT_NAME = "$(TARGET_NAME)";
				TEST_HOST = "$(BUILT_PRODUCTS_DIR)/KeyboardNotification.app/KeyboardNotification";
			};
			name = Debug;
		};
		ADD1C6DC1AF3251D00B2B946 /* Release */ = {
			isa = XCBuildConfiguration;
			buildSettings = {
				BUNDLE_LOADER = "$(TEST_HOST)";
				FRAMEWORK_SEARCH_PATHS = (
					"$(SDKROOT)/Developer/Library/Frameworks",
					"$(inherited)",
				);
				INFOPLIST_FILE = KeyboardNotificationTests/Info.plist;
				LD_RUNPATH_SEARCH_PATHS = "$(inherited) @executable_path/Frameworks @loader_path/Frameworks";
				PRODUCT_NAME = "$(TARGET_NAME)";
				TEST_HOST = "$(BUILT_PRODUCTS_DIR)/KeyboardNotification.app/KeyboardNotification";
			};
			name = Release;
		};
/* End XCBuildConfiguration section */

/* Begin XCConfigurationList section */
		ADD1C6B31AF3251D00B2B946 /* Build configuration list for PBXProject "KeyboardNotification" */ = {
			isa = XCConfigurationList;
			buildConfigurations = (
				ADD1C6D51AF3251D00B2B946 /* Debug */,
				ADD1C6D61AF3251D00B2B946 /* Release */,
			);
			defaultConfigurationIsVisible = 0;
			defaultConfigurationName = Release;
		};
		ADD1C6D71AF3251D00B2B946 /* Build configuration list for PBXNativeTarget "KeyboardNotification" */ = {
			isa = XCConfigurationList;
			buildConfigurations = (
				ADD1C6D81AF3251D00B2B946 /* Debug */,
				ADD1C6D91AF3251D00B2B946 /* Release */,
			);
			defaultConfigurationIsVisible = 0;
		};
		ADD1C6DA1AF3251D00B2B946 /* Build configuration list for PBXNativeTarget "KeyboardNotificationTests" */ = {
			isa = XCConfigurationList;
			buildConfigurations = (
				ADD1C6DB1AF3251D00B2B946 /* Debug */,
				ADD1C6DC1AF3251D00B2B946 /* Release */,
			);
			defaultConfigurationIsVisible = 0;
		};
/* End XCConfigurationList section */
	};
	rootObject = ADD1C6B01AF3251D00B2B946 /* Project object */;
}
